
Microsoft Visual Studio Solution File, Format Version 12.00
# Visual Studio Version 17
VisualStudioVersion = 17.11.35327.3
MinimumVisualStudioVersion = 10.0.40219.1
Project("{FAE04EC0-301F-11D3-BF4B-00C04F79EFBC}") = "DotNetBath14MTZO.HW03.ConsoleApp", "DotNetBath14MTZO.HW03.ConsoleApp\DotNetBath14MTZO.HW03.ConsoleApp.csproj", "{7397FAE9-D3C1-42C4-B6A3-9365C20583C8}"
EndProject
Global
	GlobalSection(SolutionConfigurationPlatforms) = preSolution
		Debug|Any CPU = Debug|Any CPU
		Release|Any CPU = Release|Any CPU
	EndGlobalSection
	GlobalSection(ProjectConfigurationPlatforms) = postSolution
		{7397FAE9-D3C1-42C4-B6A3-9365C20583C8}.Debug|Any CPU.ActiveCfg = Debug|Any CPU
		{7397FAE9-D3C1-42C4-B6A3-9365C20583C8}.Debug|Any CPU.Build.0 = Debug|Any CPU
		{7397FAE9-D3C1-42C4-B6A3-9365C20583C8}.Release|Any CPU.ActiveCfg = Release|Any CPU
		{7397FAE9-D3C1-42C4-B6A3-9365C20583C8}.Release|Any CPU.Build.0 = Release|Any CPU
	EndGlobalSection
	GlobalSection(SolutionProperties) = preSolution
		HideSolutionNode = FALSE
	EndGlobalSection
	GlobalSection(ExtensibilityGlobals) = postSolution
		SolutionGuid = {437EC6E3-3030-4B69-B9C4-9B6B11240395}
	EndGlobalSection
EndGlobal
